// !$*UTF8*$!
{
	archiveVersion = 1;
	classes = {
	};
	objectVersion = 55;
	objects = {

/* Begin PBXBuildFile section */
		86EA2433288D88C80024AC9B /* AppDelegate.swift in Sources */ = {isa = PBXBuildFile; fileRef = 86EA2432288D88C80024AC9B /* AppDelegate.swift */; };
		86EA2435288D88C80024AC9B /* SceneDelegate.swift in Sources */ = {isa = PBXBuildFile; fileRef = 86EA2434288D88C80024AC9B /* SceneDelegate.swift */; };
		86EA2437288D88C80024AC9B /* ViewController.swift in Sources */ = {isa = PBXBuildFile; fileRef = 86EA2436288D88C80024AC9B /* ViewController.swift */; };
		86EA243A288D88C80024AC9B /* Main.storyboard in Resources */ = {isa = PBXBuildFile; fileRef = 86EA2438288D88C80024AC9B /* Main.storyboard */; };
		86EA243C288D88C90024AC9B /* Assets.xcassets in Resources */ = {isa = PBXBuildFile; fileRef = 86EA243B288D88C90024AC9B /* Assets.xcassets */; };
		86EA243F288D88C90024AC9B /* LaunchScreen.storyboard in Resources */ = {isa = PBXBuildFile; fileRef = 86EA243D288D88C90024AC9B /* LaunchScreen.storyboard */; };
		86EA2447288D89F30024AC9B /* PopUp.storyboard in Resources */ = {isa = PBXBuildFile; fileRef = 86EA2446288D89F30024AC9B /* PopUp.storyboard */; };
		86EA2449288D92900024AC9B /* CustomPopUpViewController.swift in Sources */ = {isa = PBXBuildFile; fileRef = 86EA2448288D92900024AC9B /* CustomPopUpViewController.swift */; };
		86EA244C288D96500024AC9B /* WebKit.framework in Frameworks */ = {isa = PBXBuildFile; fileRef = 86EA244B288D96500024AC9B /* WebKit.framework */; };
/* End PBXBuildFile section */

/* Begin PBXFileReference section */
		86EA242F288D88C80024AC9B /* CustomDialogPopupWebView.app */ = {isa = PBXFileReference; explicitFileType = wrapper.application; includeInIndex = 0; path = CustomDialogPopupWebView.app; sourceTree = BUILT_PRODUCTS_DIR; };
		86EA2432288D88C80024AC9B /* AppDelegate.swift */ = {isa = PBXFileReference; lastKnownFileType = sourcecode.swift; path = AppDelegate.swift; sourceTree = "<group>"; };
		86EA2434288D88C80024AC9B /* SceneDelegate.swift */ = {isa = PBXFileReference; lastKnownFileType = sourcecode.swift; path = SceneDelegate.swift; sourceTree = "<group>"; };
		86EA2436288D88C80024AC9B /* ViewController.swift */ = {isa = PBXFileReference; lastKnownFileType = sourcecode.swift; path = ViewController.swift; sourceTree = "<group>"; };
		86EA2439288D88C80024AC9B /* Base */ = {isa = PBXFileReference; lastKnownFileType = file.storyboard; name = Base; path = Base.lproj/Main.storyboard; sourceTree = "<group>"; };
		86EA243B288D88C90024AC9B /* Assets.xcassets */ = {isa = PBXFileReference; lastKnownFileType = folder.assetcatalog; path = Assets.xcassets; sourceTree = "<group>"; };
		86EA243E288D88C90024AC9B /* Base */ = {isa = PBXFileReference; lastKnownFileType = file.storyboard; name = Base; path = Base.lproj/LaunchScreen.storyboard; sourceTree = "<group>"; };
		86EA2440288D88C90024AC9B /* Info.plist */ = {isa = PBXFileReference; lastKnownFileType = text.plist.xml; path = Info.plist; sourceTree = "<group>"; };
		86EA2446288D89F30024AC9B /* PopUp.storyboard */ = {isa = PBXFileReference; lastKnownFileType = file.storyboard; path = PopUp.storyboard; sourceTree = "<group>"; };
		86EA2448288D92900024AC9B /* CustomPopUpViewController.swift */ = {isa = PBXFileReference; lastKnownFileType = sourcecode.swift; path = CustomPopUpViewController.swift; sourceTree = "<group>"; };
		86EA244B288D96500024AC9B /* WebKit.framework */ = {isa = PBXFileReference; lastKnownFileType = wrapper.framework; name = WebKit.framework; path = System/Library/Frameworks/WebKit.framework; sourceTree = SDKROOT; };
/* End PBXFileReference section */

/* Begin PBXFrameworksBuildPhase section */
		86EA242C288D88C80024AC9B /* Frameworks */ = {
			isa = PBXFrameworksBuildPhase;
			buildActionMask = 2147483647;
			files = (
				86EA244C288D96500024AC9B /* WebKit.framework in Frameworks */,
			);
			runOnlyForDeploymentPostprocessing = 0;
		};
/* End PBXFrameworksBuildPhase section */

/* Begin PBXGroup section */
		86EA2426288D88C80024AC9B = {
			isa = PBXGroup;
			children = (
				86EA2431288D88C80024AC9B /* CustomDialogPopupWebView */,
				86EA2430288D88C80024AC9B /* Products */,
				86EA244A288D96500024AC9B /* Frameworks */,
			);
			sourceTree = "<group>";
		};
		86EA2430288D88C80024AC9B /* Products */ = {
			isa = PBXGroup;
			children = (
				86EA242F288D88C80024AC9B /* CustomDialogPopupWebView.app */,
			);
			name = Products;
			sourceTree = "<group>";
		};
		86EA2431288D88C80024AC9B /* CustomDialogPopupWebView */ = {
			isa = PBXGroup;
			children = (
				86EA2432288D88C80024AC9B /* AppDelegate.swift */,
				86EA2434288D88C80024AC9B /* SceneDelegate.swift */,
				86EA2436288D88C80024AC9B /* ViewController.swift */,
				86EA2448288D92900024AC9B /* CustomPopUpViewController.swift */,
				86EA243B288D88C90024AC9B /* Assets.xcassets */,
				86EA2438288D88C80024AC9B /* Main.storyboard */,
				86EA2446288D89F30024AC9B /* PopUp.storyboard */,
				86EA243D288D88C90024AC9B /* LaunchScreen.storyboard */,
				86EA2440288D88C90024AC9B /* Info.plist */,
			);
			path = CustomDialogPopupWebView;
			sourceTree = "<group>";
		};
		86EA244A288D96500024AC9B /* Frameworks */ = {
			isa = PBXGroup;
			children = (
				86EA244B288D96500024AC9B /* WebKit.framework */,
			);
			name = Frameworks;
			sourceTree = "<group>";
		};
/* End PBXGroup section */

/* Begin PBXNativeTarget section */
		86EA242E288D88C80024AC9B /* CustomDialogPopupWebView */ = {
			isa = PBXNativeTarget;
			buildConfigurationList = 86EA2443288D88C90024AC9B /* Build configuration list for PBXNativeTarget "CustomDialogPopupWebView" */;
			buildPhases = (
				86EA242B288D88C80024AC9B /* Sources */,
				86EA242C288D88C80024AC9B /* Frameworks */,
				86EA242D288D88C80024AC9B /* Resources */,
			);
			buildRules = (
			);
			dependencies = (
			);
			name = CustomDialogPopupWebView;
			productName = CustomDialogPopupWebView;
			productReference = 86EA242F288D88C80024AC9B /* CustomDialogPopupWebView.app */;
			productType = "com.apple.product-type.application";
		};
/* End PBXNativeTarget section */

/* Begin PBXProject section */
		86EA2427288D88C80024AC9B /* Project object */ = {
			isa = PBXProject;
			attributes = {
				BuildIndependentTargetsInParallel = 1;
				LastSwiftUpdateCheck = 1340;
				LastUpgradeCheck = 1340;
				TargetAttributes = {
					86EA242E288D88C80024AC9B = {
						CreatedOnToolsVersion = 13.4.1;
					};
				};
			};
			buildConfigurationList = 86EA242A288D88C80024AC9B /* Build configuration list for PBXProject "CustomDialogPopupWebView" */;
			compatibilityVersion = "Xcode 13.0";
			developmentRegion = en;
			hasScannedForEncodings = 0;
			knownRegions = (
				en,
				Base,
			);
			mainGroup = 86EA2426288D88C80024AC9B;
			productRefGroup = 86EA2430288D88C80024AC9B /* Products */;
			projectDirPath = "";
			projectRoot = "";
			targets = (
				86EA242E288D88C80024AC9B /* CustomDialogPopupWebView */,
			);
		};
/* End PBXProject section */

/* Begin PBXResourcesBuildPhase section */
		86EA242D288D88C80024AC9B /* Resources */ = {
			isa = PBXResourcesBuildPhase;
			buildActionMask = 2147483647;
			files = (
				86EA243F288D88C90024AC9B /* LaunchScreen.storyboard in Resources */,
				86EA243C288D88C90024AC9B /* Assets.xcassets in Resources */,
				86EA243A288D88C80024AC9B /* Main.storyboard in Resources */,
				86EA2447288D89F30024AC9B /* PopUp.storyboard in Resources */,
			);
			runOnlyForDeploymentPostprocessing = 0;
		};
/* End PBXResourcesBuildPhase section */

/* Begin PBXSourcesBuildPhase section */
		86EA242B288D88C80024AC9B /* Sources */ = {
			isa = PBXSourcesBuildPhase;
			buildActionMask = 2147483647;
			files = (
				86EA2449288D92900024AC9B /* CustomPopUpViewController.swift in Sources */,
				86EA2437288D88C80024AC9B /* ViewController.swift in Sources */,
				86EA2433288D88C80024AC9B /* AppDelegate.swift in Sources */,
				86EA2435288D88C80024AC9B /* SceneDelegate.swift in Sources */,
			);
			runOnlyForDeploymentPostprocessing = 0;
		};
/* End PBXSourcesBuildPhase section */

/* Begin PBXVariantGroup section */
		86EA2438288D88C80024AC9B /* Main.storyboard */ = {
			isa = PBXVariantGroup;
			children = (
				86EA2439288D88C80024AC9B /* Base */,
			);
			name = Main.storyboard;
			sourceTree = "<group>";
		};
		86EA243D288D88C90024AC9B /* LaunchScreen.storyboard */ = {
			isa = PBXVariantGroup;
			children = (
				86EA243E288D88C90024AC9B /* Base */,
			);
			name = LaunchScreen.storyboard;
			sourceTree = "<group>";
		};
/* End PBXVariantGroup section */

/* Begin XCBuildConfiguration section */
		86EA2441288D88C90024AC9B /* Debug */ = {
			isa = XCBuildConfiguration;
			buildSettings = {
				ALWAYS_SEARCH_USER_PATHS = NO;
				CLANG_ANALYZER_NONNULL = YES;
				CLANG_ANALYZER_NUMBER_OBJECT_CONVERSION = YES_AGGRESSIVE;
				CLANG_CXX_LANGUAGE_STANDARD = "gnu++17";
				CLANG_ENABLE_MODULES = YES;
				CLANG_ENABLE_OBJC_ARC = YES;
				CLANG_ENABLE_OBJC_WEAK = YES;
				CLANG_WARN_BLOCK_CAPTURE_AUTORELEASING = YES;
				CLANG_WARN_BOOL_CONVERSION = YES;
				CLANG_WARN_COMMA = YES;
				CLANG_WARN_CONSTANT_CONVERSION = YES;
				CLANG_WARN_DEPRECATED_OBJC_IMPLEMENTATIONS = YES;
				CLANG_WARN_DIRECT_OBJC_ISA_USAGE = YES_ERROR;
				CLANG_WARN_DOCUMENTATION_COMMENTS = YES;
				CLANG_WARN_EMPTY_BODY = YES;
				CLANG_WARN_ENUM_CONVERSION = YES;
				CLANG_WARN_INFINITE_RECURSION = YES;
				CLANG_WARN_INT_CONVERSION = YES;
				CLANG_WARN_NON_LITERAL_NULL_CONVERSION = YES;
				CLANG_WARN_OBJC_IMPLICIT_RETAIN_SELF = YES;
				CLANG_WARN_OBJC_LITERAL_CONVERSION = YES;
				CLANG_WARN_OBJC_ROOT_CLASS = YES_ERROR;
				CLANG_WARN_QUOTED_INCLUDE_IN_FRAMEWORK_HEADER = YES;
				CLANG_WARN_RANGE_LOOP_ANALYSIS = YES;
				CLANG_WARN_STRICT_PROTOTYPES = YES;
				CLANG_WARN_SUSPICIOUS_MOVE = YES;
				CLANG_WARN_UNGUARDED_AVAILABILITY = YES_AGGRESSIVE;
				CLANG_WARN_UNREACHABLE_CODE = YES;
				CLANG_WARN__DUPLICATE_METHOD_MATCH = YES;
				COPY_PHASE_STRIP = NO;
				DEBUG_INFORMATION_FORMAT = dwarf;
				ENABLE_STRICT_OBJC_MSGSEND = YES;
				ENABLE_TESTABILITY = YES;
				GCC_C_LANGUAGE_STANDARD = gnu11;
				GCC_DYNAMIC_NO_PIC = NO;
				GCC_NO_COMMON_BLOCKS = YES;
				GCC_OPTIMIZATION_LEVEL = 0;
				GCC_PREPROCESSOR_DEFINITIONS = (
					"DEBUG=1",
					"$(inherited)",
				);
				GCC_WARN_64_TO_32_BIT_CONVERSION = YES;
				GCC_WARN_ABOUT_RETURN_TYPE = YES_ERROR;
				GCC_WARN_UNDECLARED_SELECTOR = YES;
				GCC_WARN_UNINITIALIZED_AUTOS = YES_AGGRESSIVE;
				GCC_WARN_UNUSED_FUNCTION = YES;
				GCC_WARN_UNUSED_VARIABLE = YES;
				IPHONEOS_DEPLOYMENT_TARGET = 15.5;
				MTL_ENABLE_DEBUG_INFO = INCLUDE_SOURCE;
				MTL_FAST_MATH = YES;
				ONLY_ACTIVE_ARCH = YES;
				SDKROOT = iphoneos;
				SWIFT_ACTIVE_COMPILATION_CONDITIONS = DEBUG;
				SWIFT_OPTIMIZATION_LEVEL = "-Onone";
			};
			name = Debug;
		};
		86EA2442288D88C90024AC9B /* Release */ = {
			isa = XCBuildConfiguration;
			buildSettings = {
				ALWAYS_SEARCH_USER_PATHS = NO;
				CLANG_ANALYZER_NONNULL = YES;
				CLANG_ANALYZER_NUMBER_OBJECT_CONVERSION = YES_AGGRESSIVE;
				CLANG_CXX_LANGUAGE_STANDARD = "gnu++17";
				CLANG_ENABLE_MODULES = YES;
				CLANG_ENABLE_OBJC_ARC = YES;
				CLANG_ENABLE_OBJC_WEAK = YES;
				CLANG_WARN_BLOCK_CAPTURE_AUTORELEASING = YES;
				CLANG_WARN_BOOL_CONVERSION = YES;
				CLANG_WARN_COMMA = YES;
				CLANG_WARN_CONSTANT_CONVERSION = YES;
				CLANG_WARN_DEPRECATED_OBJC_IMPLEMENTATIONS = YES;
				CLANG_WARN_DIRECT_OBJC_ISA_USAGE = YES_ERROR;
				CLANG_WARN_DOCUMENTATION_COMMENTS = YES;
				CLANG_WARN_EMPTY_BODY = YES;
				CLANG_WARN_ENUM_CONVERSION = YES;
				CLANG_WARN_INFINITE_RECURSION = YES;
				CLANG_WARN_INT_CONVERSION = YES;
				CLANG_WARN_NON_LITERAL_NULL_CONVERSION = YES;
				CLANG_WARN_OBJC_IMPLICIT_RETAIN_SELF = YES;
				CLANG_WARN_OBJC_LITERAL_CONVERSION = YES;
				CLANG_WARN_OBJC_ROOT_CLASS = YES_ERROR;
				CLANG_WARN_QUOTED_INCLUDE_IN_FRAMEWORK_HEADER = YES;
				CLANG_WARN_RANGE_LOOP_ANALYSIS = YES;
				CLANG_WARN_STRICT_PROTOTYPES = YES;
				CLANG_WARN_SUSPICIOUS_MOVE = YES;
				CLANG_WARN_UNGUARDED_AVAILABILITY = YES_AGGRESSIVE;
				CLANG_WARN_UNREACHABLE_CODE = YES;
				CLANG_WARN__DUPLICATE_METHOD_MATCH = YES;
				COPY_PHASE_STRIP = NO;
				DEBUG_INFORMATION_FORMAT = "dwarf-with-dsym";
				ENABLE_NS_ASSERTIONS = NO;
				ENABLE_STRICT_OBJC_MSGSEND = YES;
				GCC_C_LANGUAGE_STANDARD = gnu11;
				GCC_NO_COMMON_BLOCKS = YES;
				GCC_WARN_64_TO_32_BIT_CONVERSION = YES;
				GCC_WARN_ABOUT_RETURN_TYPE = YES_ERROR;
				GCC_WARN_UNDECLARED_SELECTOR = YES;
				GCC_WARN_UNINITIALIZED_AUTOS = YES_AGGRESSIVE;
				GCC_WARN_UNUSED_FUNCTION = YES;
				GCC_WARN_UNUSED_VARIABLE = YES;
				IPHONEOS_DEPLOYMENT_TARGET = 15.5;
				MTL_ENABLE_DEBUG_INFO = NO;
				MTL_FAST_MATH = YES;
				SDKROOT = iphoneos;
				SWIFT_COMPILATION_MODE = wholemodule;
				SWIFT_OPTIMIZATION_LEVEL = "-O";
				VALIDATE_PRODUCT = YES;
			};
			name = Release;
		};
		86EA2444288D88C90024AC9B /* Debug */ = {
			isa = XCBuildConfiguration;
			buildSettings = {
				ASSETCATALOG_COMPILER_APPICON_NAME = AppIcon;
				ASSETCATALOG_COMPILER_GLOBAL_ACCENT_COLOR_NAME = AccentColor;
				CODE_SIGN_STYLE = Automatic;
				CURRENT_PROJECT_VERSION = 1;
				GENERATE_INFOPLIST_FILE = YES;
				INFOPLIST_FILE = CustomDialogPopupWebView/Info.plist;
				INFOPLIST_KEY_UIApplicationSupportsIndirectInputEvents = YES;
				INFOPLIST_KEY_UILaunchStoryboardName = LaunchScreen;
				INFOPLIST_KEY_UIMainStoryboardFile = Main;
				INFOPLIST_KEY_UISupportedInterfaceOrientations_iPad = "UIInterfaceOrientationPortrait UIInterfaceOrientationPortraitUpsideDown UIInterfaceOrientationLandscapeLeft UIInterfaceOrientationLandscapeRight";
				INFOPLIST_KEY_UISupportedInterfaceOrientations_iPhone = "UIInterfaceOrientationPortrait UIInterfaceOrientationLandscapeLeft UIInterfaceOrientationLandscapeRight";
				LD_RUNPATH_SEARCH_PATHS = (
					"$(inherited)",
					"@executable_path/Frameworks",
				);
				MARKETING_VERSION = 1.0;
				PRODUCT_BUNDLE_IDENTIFIER = com.bbstudy.CustomDialogPopupWebView;
				PRODUCT_NAME = "$(TARGET_NAME)";
				SWIFT_EMIT_LOC_STRINGS = YES;
				SWIFT_VERSION = 5.0;
				TARGETED_DEVICE_FAMILY = "1,2";
			};
			name = Debug;
		};
		86EA2445288D88C90024AC9B /* Release */ = {
			isa = XCBuildConfiguration;
			buildSettings = {
				ASSETCATALOG_COMPILER_APPICON_NAME = AppIcon;
				ASSETCATALOG_COMPILER_GLOBAL_ACCENT_COLOR_NAME = AccentColor;
				CODE_SIGN_STYLE = Automatic;
				CURRENT_PROJECT_VERSION = 1;
				GENERATE_INFOPLIST_FILE = YES;
				INFOPLIST_FILE = CustomDialogPopupWebView/Info.plist;
				INFOPLIST_KEY_UIApplicationSupportsIndirectInputEvents = YES;
				INFOPLIST_KEY_UILaunchStoryboardName = LaunchScreen;
				INFOPLIST_KEY_UIMainStoryboardFile = Main;
				INFOPLIST_KEY_UISupportedInterfaceOrientations_iPad = "UIInterfaceOrientationPortrait UIInterfaceOrientationPortraitUpsideDown UIInterfaceOrientationLandscapeLeft UIInterfaceOrientationLandscapeRight";
				INFOPLIST_KEY_UISupportedInterfaceOrientations_iPhone = "UIInterfaceOrientationPortrait UIInterfaceOrientationLandscapeLeft UIInterfaceOrientationLandscapeRight";
				LD_RUNPATH_SEARCH_PATHS = (
					"$(inherited)",
					"@executable_path/Frameworks",
				);
				MARKETING_VERSION = 1.0;
				PRODUCT_BUNDLE_IDENTIFIER = com.bbstudy.CustomDialogPopupWebView;
				PRODUCT_NAME = "$(TARGET_NAME)";
				SWIFT_EMIT_LOC_STRINGS = YES;
				SWIFT_VERSION = 5.0;
				TARGETED_DEVICE_FAMILY = "1,2";
			};
			name = Release;
		};
/* End XCBuildConfiguration section */

/* Begin XCConfigurationList section */
		86EA242A288D88C80024AC9B /* Build configuration list for PBXProject "CustomDialogPopupWebView" */ = {
			isa = XCConfigurationList;
			buildConfigurations = (
				86EA2441288D88C90024AC9B /* Debug */,
				86EA2442288D88C90024AC9B /* Release */,
			);
			defaultConfigurationIsVisible = 0;
			defaultConfigurationName = Release;
		};
		86EA2443288D88C90024AC9B /* Build configuration list for PBXNativeTarget "CustomDialogPopupWebView" */ = {
			isa = XCConfigurationList;
			buildConfigurations = (
				86EA2444288D88C90024AC9B /* Debug */,
				86EA2445288D88C90024AC9B /* Release */,
			);
			defaultConfigurationIsVisible = 0;
			defaultConfigurationName = Release;
		};
/* End XCConfigurationList section */
	};
	rootObject = 86EA2427288D88C80024AC9B /* Project object */;
}
